
Microsoft Visual Studio Solution File, Format Version 11.00
# Visual Studio 2010
Project("{FAE04EC0-301F-11D3-BF4B-00C04F79EFBC}") = "Assembly-CSharp", "Assembly-CSharp.csproj", "{c259a47b-31fa-9c6c-d287-7fdaae535f05}"
EndProject
Project("{FAE04EC0-301F-11D3-BF4B-00C04F79EFBC}") = "Assembly-CSharp-firstpass", "Assembly-CSharp-firstpass.csproj", "{95d9ea20-97fd-c2f8-e978-bd1a10dd8424}"
EndProject
Global
	GlobalSection(SolutionConfigurationPlatforms) = preSolution
		Debug|Any CPU = Debug|Any CPU
	EndGlobalSection
	GlobalSection(ProjectConfigurationPlatforms) = postSolution
		{c259a47b-31fa-9c6c-d287-7fdaae535f05}.Debug|Any CPU.ActiveCfg = Debug|Any CPU
		{c259a47b-31fa-9c6c-d287-7fdaae535f05}.Debug|Any CPU.Build.0 = Debug|Any CPU
		{95d9ea20-97fd-c2f8-e978-bd1a10dd8424}.Debug|Any CPU.ActiveCfg = Debug|Any CPU
		{95d9ea20-97fd-c2f8-e978-bd1a10dd8424}.Debug|Any CPU.Build.0 = Debug|Any CPU
	EndGlobalSection
	GlobalSection(SolutionProperties) = preSolution
		HideSolutionNode = FALSE
	EndGlobalSection
EndGlobal
